PODS:
  - CommonExtension (1.1.6)
  - FBSnapshotTestCase (2.1.4):
    - FBSnapshotTestCase/SwiftSupport (= 2.1.4)
  - FBSnapshotTestCase/Core (2.1.4)
  - FBSnapshotTestCase/SwiftSupport (2.1.4):
    - FBSnapshotTestCase/Core

DEPENDENCIES:
  - CommonExtension (from `../`)
  - FBSnapshotTestCase (~> 2.1.4)

SPEC REPOS:
  trunk:
    - FBSnapshotTestCase

EXTERNAL SOURCES:
  CommonExtension:
    :path: "../"

SPEC CHECKSUMS:
  CommonExtension: 9f534f94237441b635ee64624a57e9126151835d
  FBSnapshotTestCase: 094f9f314decbabe373b87cc339bea235a63e07a

PODFILE CHECKSUM: bdd082e0eb26e3a599e86a9e024ffbb00926eba4

COCOAPODS: 1.16.2
